
Microsoft Visual Studio Solution File, Format Version 12.00
# Visual Studio Version 16
VisualStudioVersion = 16.0.30523.141
MinimumVisualStudioVersion = 10.0.40219.1
Project("{FAE04EC0-301F-11D3-BF4B-00C04F79EFBC}") = "Diplom", "Diplom.csproj", "{F2C82143-1FE4-4204-AE01-9A1D55BFE927}"
EndProject
Global
	GlobalSection(SolutionConfigurationPlatforms) = preSolution
		Debug|Any CPU = Debug|Any CPU
		Release|Any CPU = Release|Any CPU
	EndGlobalSection
	GlobalSection(ProjectConfigurationPlatforms) = postSolution
		{F2C82143-1FE4-4204-AE01-9A1D55BFE927}.Debug|Any CPU.ActiveCfg = Debug|Any CPU
		{F2C82143-1FE4-4204-AE01-9A1D55BFE927}.Debug|Any CPU.Build.0 = Debug|Any CPU
		{F2C82143-1FE4-4204-AE01-9A1D55BFE927}.Release|Any CPU.ActiveCfg = Release|Any CPU
		{F2C82143-1FE4-4204-AE01-9A1D55BFE927}.Release|Any CPU.Build.0 = Release|Any CPU
	EndGlobalSection
	GlobalSection(SolutionProperties) = preSolution
		HideSolutionNode = FALSE
	EndGlobalSection
	GlobalSection(ExtensibilityGlobals) = postSolution
		SolutionGuid = {2F146FDB-6D83-4E3A-BF18-484CB21F827B}
	EndGlobalSection
EndGlobal
